{
  "name": "capdemogru",
  "version": "1.0.0",
  "lockfileVersion": 1,
  "requires": true,
  "dependencies": {
    "@sap/ux-specification": {
      "version": "1.96.2",
      "resolved": "http://nginx-redirector.repo-cache.svc.cluster.local/repository/appstudio-npm-group/@sap/ux-specification/-/ux-specification-1.96.2.tgz",
      "integrity": "sha512-oNrD90hIuNv3FH9ONgB376dYjCmYl6HP1g1ag/1YwMONSXCrsvttfaw8qtf+/WjYRZDYdVYtjC1yjVFvZUtx/g==",
      "dev": true
    }
  }
}
